// !$*UTF8*$!
{
	archiveVersion = 1;
	classes = {
	};
	objectVersion = 77;
	objects = {

/* Begin PBXBuildFile section */
		A96AF0AA2DE8875900BD3848 /* Transcription.swift in Sources */ = {isa = PBXBuildFile; fileRef = A96AF0A92DE8874800BD3848 /* Transcription.swift */; };
		A96AF0AC2DE88A1200BD3848 /* TranscriptionView.swift in Sources */ = {isa = PBXBuildFile; fileRef = A96AF0AB2DE88A1200BD3848 /* TranscriptionView.swift */; };
		A9CA25352DD51B17000D45A6 /* MainView.swift in Sources */ = {isa = PBXBuildFile; fileRef = A9CA25302DD51B17000D45A6 /* MainView.swift */; };
		A9CA25372DD51B17000D45A6 /* TranscriptionViewModel.swift in Sources */ = {isa = PBXBuildFile; fileRef = A9CA25332DD51B17000D45A6 /* TranscriptionViewModel.swift */; };
		A9CA25382DD51B17000D45A6 /* Extensions.swift in Sources */ = {isa = PBXBuildFile; fileRef = A9CA25292DD51B17000D45A6 /* Extensions.swift */; };
		A9CA25392DD51B17000D45A6 /* SherpaOnnx.swift in Sources */ = {isa = PBXBuildFile; fileRef = A9CA252B2DD51B17000D45A6 /* SherpaOnnx.swift */; };
		A9CA253B2DD51B17000D45A6 /* TranscriberApp.swift in Sources */ = {isa = PBXBuildFile; fileRef = A9CA25322DD51B17000D45A6 /* TranscriberApp.swift */; };
		A9CA253C2DD51B17000D45A6 /* Assets.xcassets in Resources */ = {isa = PBXBuildFile; fileRef = A9CA252F2DD51B17000D45A6 /* Assets.xcassets */; };
		A9CA253D2DD51B17000D45A6 /* Preview Assets.xcassets in Resources */ = {isa = PBXBuildFile; fileRef = A9CA251E2DD51B17000D45A6 /* Preview Assets.xcassets */; };
		A9CA253F2DD51B17000D45A6 /* pyannote_segmentation.onnx in Resources */ = {isa = PBXBuildFile; fileRef = A9CA25272DD51B17000D45A6 /* pyannote_segmentation.onnx */; };
		A9CA25422DD51B45000D45A6 /* onnxruntime.xcframework in Frameworks */ = {isa = PBXBuildFile; fileRef = A9CA25412DD51B45000D45A6 /* onnxruntime.xcframework */; };
		A9CA25432DD51B45000D45A6 /* onnxruntime.xcframework in Embed Frameworks */ = {isa = PBXBuildFile; fileRef = A9CA25412DD51B45000D45A6 /* onnxruntime.xcframework */; settings = {ATTRIBUTES = (CodeSignOnCopy, RemoveHeadersOnCopy, ); }; };
		A9CA25462DD51B53000D45A6 /* sherpa-onnx.xcframework in Frameworks */ = {isa = PBXBuildFile; fileRef = A9CA25452DD51B53000D45A6 /* sherpa-onnx.xcframework */; };
		A9CA25472DD51B53000D45A6 /* sherpa-onnx.xcframework in Embed Frameworks */ = {isa = PBXBuildFile; fileRef = A9CA25452DD51B53000D45A6 /* sherpa-onnx.xcframework */; settings = {ATTRIBUTES = (CodeSignOnCopy, RemoveHeadersOnCopy, ); }; };
		A9D7C02B2DF4C39F00AF77AE /* nemo_en_titanet_small.onnx in Resources */ = {isa = PBXBuildFile; fileRef = A9D7C02A2DF4C39F00AF77AE /* nemo_en_titanet_small.onnx */; };
		A9D7C03A2DF5B4DA00AF77AE /* AudioRecordingService.swift in Sources */ = {isa = PBXBuildFile; fileRef = A9D7C0392DF5B4D300AF77AE /* AudioRecordingService.swift */; };
		A9D7C0522DF61E6600AF77AE /* en_demo_audio.wav in Resources */ = {isa = PBXBuildFile; fileRef = A9D7C0512DF61E6600AF77AE /* en_demo_audio.wav */; };
		A9D7C0642DF6D27300AF77AE /* TranscriberTests.swift in Sources */ = {isa = PBXBuildFile; fileRef = A9D7C0622DF6D27300AF77AE /* TranscriberTests.swift */; };
		A9D7C0672DF6D44700AF77AE /* DiarzationMetrics.swift in Sources */ = {isa = PBXBuildFile; fileRef = A9D7C0652DF6D2A900AF77AE /* DiarzationMetrics.swift */; };
		A9D7C06B2DF6DE4D00AF77AE /* TranscriptionService.swift in Sources */ = {isa = PBXBuildFile; fileRef = A9D7C06A2DF6DE4D00AF77AE /* TranscriptionService.swift */; };
		A9D7C06F2DF6F50900AF77AE /* AudioFileService.swift in Sources */ = {isa = PBXBuildFile; fileRef = A9D7C06E2DF6F4F500AF77AE /* AudioFileService.swift */; };
		A9D7C0712DF6FA9E00AF77AE /* DiarizationService.swift in Sources */ = {isa = PBXBuildFile; fileRef = A9D7C0702DF6FA9E00AF77AE /* DiarizationService.swift */; };
		B67F719C2D7220070037D72C /* AudioKit in Frameworks */ = {isa = PBXBuildFile; productRef = B67F719B2D7220070037D72C /* AudioKit */; };
/* End PBXBuildFile section */

/* Begin PBXContainerItemProxy section */
		A9D7C05D2DF6D26300AF77AE /* PBXContainerItemProxy */ = {
			isa = PBXContainerItemProxy;
			containerPortal = B6B8FBE82D70D5FA0081EF75 /* Project object */;
			proxyType = 1;
			remoteGlobalIDString = B6B8FBEF2D70D5FA0081EF75;
			remoteInfo = Transcriber;
		};
/* End PBXContainerItemProxy section */

/* Begin PBXCopyFilesBuildPhase section */
		A9CA25442DD51B45000D45A6 /* Embed Frameworks */ = {
			isa = PBXCopyFilesBuildPhase;
			buildActionMask = 2147483647;
			dstPath = "";
			dstSubfolderSpec = 10;
			files = (
				A9CA25432DD51B45000D45A6 /* onnxruntime.xcframework in Embed Frameworks */,
				A9CA25472DD51B53000D45A6 /* sherpa-onnx.xcframework in Embed Frameworks */,
			);
			name = "Embed Frameworks";
			runOnlyForDeploymentPostprocessing = 0;
		};
/* End PBXCopyFilesBuildPhase section */

/* Begin PBXFileReference section */
		A96AF0A92DE8874800BD3848 /* Transcription.swift */ = {isa = PBXFileReference; lastKnownFileType = sourcecode.swift; path = Transcription.swift; sourceTree = "<group>"; };
		A96AF0AB2DE88A1200BD3848 /* TranscriptionView.swift */ = {isa = PBXFileReference; lastKnownFileType = sourcecode.swift; path = TranscriptionView.swift; sourceTree = "<group>"; };
		A9CA251E2DD51B17000D45A6 /* Preview Assets.xcassets */ = {isa = PBXFileReference; lastKnownFileType = folder.assetcatalog; path = "Preview Assets.xcassets"; sourceTree = "<group>"; };
		A9CA25202DD51B17000D45A6 /* c-api.h */ = {isa = PBXFileReference; lastKnownFileType = sourcecode.c.h; path = "c-api.h"; sourceTree = "<group>"; };
		A9CA25212DD51B17000D45A6 /* cxx-api.h */ = {isa = PBXFileReference; lastKnownFileType = sourcecode.c.h; path = "cxx-api.h"; sourceTree = "<group>"; };
		A9CA25242DD51B17000D45A6 /* cargs.h */ = {isa = PBXFileReference; lastKnownFileType = sourcecode.c.h; path = cargs.h; sourceTree = "<group>"; };
		A9CA25272DD51B17000D45A6 /* pyannote_segmentation.onnx */ = {isa = PBXFileReference; lastKnownFileType = file; path = pyannote_segmentation.onnx; sourceTree = "<group>"; };
		A9CA25292DD51B17000D45A6 /* Extensions.swift */ = {isa = PBXFileReference; lastKnownFileType = sourcecode.swift; path = Extensions.swift; sourceTree = "<group>"; };
		A9CA252B2DD51B17000D45A6 /* SherpaOnnx.swift */ = {isa = PBXFileReference; lastKnownFileType = sourcecode.swift; path = SherpaOnnx.swift; sourceTree = "<group>"; };
		A9CA252D2DD51B17000D45A6 /* OnnxHeader.h */ = {isa = PBXFileReference; lastKnownFileType = sourcecode.c.h; path = OnnxHeader.h; sourceTree = "<group>"; };
		A9CA252F2DD51B17000D45A6 /* Assets.xcassets */ = {isa = PBXFileReference; lastKnownFileType = folder.assetcatalog; path = Assets.xcassets; sourceTree = "<group>"; };
		A9CA25302DD51B17000D45A6 /* MainView.swift */ = {isa = PBXFileReference; lastKnownFileType = sourcecode.swift; path = MainView.swift; sourceTree = "<group>"; };
		A9CA25322DD51B17000D45A6 /* TranscriberApp.swift */ = {isa = PBXFileReference; lastKnownFileType = sourcecode.swift; path = TranscriberApp.swift; sourceTree = "<group>"; };
		A9CA25332DD51B17000D45A6 /* TranscriptionViewModel.swift */ = {isa = PBXFileReference; lastKnownFileType = sourcecode.swift; path = TranscriptionViewModel.swift; sourceTree = "<group>"; };
		A9CA25412DD51B45000D45A6 /* onnxruntime.xcframework */ = {isa = PBXFileReference; lastKnownFileType = wrapper.xcframework; path = onnxruntime.xcframework; sourceTree = "<group>"; };
		A9CA25452DD51B53000D45A6 /* sherpa-onnx.xcframework */ = {isa = PBXFileReference; lastKnownFileType = wrapper.xcframework; path = "sherpa-onnx.xcframework"; sourceTree = "<group>"; };
		A9D7C02A2DF4C39F00AF77AE /* nemo_en_titanet_small.onnx */ = {isa = PBXFileReference; lastKnownFileType = file; path = nemo_en_titanet_small.onnx; sourceTree = "<group>"; };
		A9D7C0392DF5B4D300AF77AE /* AudioRecordingService.swift */ = {isa = PBXFileReference; lastKnownFileType = sourcecode.swift; path = AudioRecordingService.swift; sourceTree = "<group>"; };
		A9D7C0512DF61E6600AF77AE /* en_demo_audio.wav */ = {isa = PBXFileReference; lastKnownFileType = audio.wav; path = en_demo_audio.wav; sourceTree = "<group>"; };
		A9D7C0592DF6D26300AF77AE /* TranscriberTests.xctest */ = {isa = PBXFileReference; explicitFileType = wrapper.cfbundle; includeInIndex = 0; path = TranscriberTests.xctest; sourceTree = BUILT_PRODUCTS_DIR; };
		A9D7C0622DF6D27300AF77AE /* TranscriberTests.swift */ = {isa = PBXFileReference; lastKnownFileType = sourcecode.swift; path = TranscriberTests.swift; sourceTree = "<group>"; };
		A9D7C0652DF6D2A900AF77AE /* DiarzationMetrics.swift */ = {isa = PBXFileReference; lastKnownFileType = sourcecode.swift; path = DiarzationMetrics.swift; sourceTree = "<group>"; };
		A9D7C06A2DF6DE4D00AF77AE /* TranscriptionService.swift */ = {isa = PBXFileReference; lastKnownFileType = sourcecode.swift; path = TranscriptionService.swift; sourceTree = "<group>"; };
		A9D7C06E2DF6F4F500AF77AE /* AudioFileService.swift */ = {isa = PBXFileReference; lastKnownFileType = sourcecode.swift; path = AudioFileService.swift; sourceTree = "<group>"; };
		A9D7C0702DF6FA9E00AF77AE /* DiarizationService.swift */ = {isa = PBXFileReference; lastKnownFileType = sourcecode.swift; path = DiarizationService.swift; sourceTree = "<group>"; };
		B6B8FBF02D70D5FA0081EF75 /* Transcriber.app */ = {isa = PBXFileReference; explicitFileType = wrapper.application; includeInIndex = 0; path = Transcriber.app; sourceTree = BUILT_PRODUCTS_DIR; };
/* End PBXFileReference section */

/* Begin PBXFrameworksBuildPhase section */
		A9D7C0562DF6D26300AF77AE /* Frameworks */ = {
			isa = PBXFrameworksBuildPhase;
			buildActionMask = 2147483647;
			files = (
			);
			runOnlyForDeploymentPostprocessing = 0;
		};
		B6B8FBED2D70D5FA0081EF75 /* Frameworks */ = {
			isa = PBXFrameworksBuildPhase;
			buildActionMask = 2147483647;
			files = (
				A9CA25462DD51B53000D45A6 /* sherpa-onnx.xcframework in Frameworks */,
				B67F719C2D7220070037D72C /* AudioKit in Frameworks */,
				A9CA25422DD51B45000D45A6 /* onnxruntime.xcframework in Frameworks */,
			);
			runOnlyForDeploymentPostprocessing = 0;
		};
/* End PBXFrameworksBuildPhase section */

/* Begin PBXGroup section */
		A9CA251F2DD51B17000D45A6 /* Preview Content */ = {
			isa = PBXGroup;
			children = (
				A9CA251E2DD51B17000D45A6 /* Preview Assets.xcassets */,
			);
			path = "Preview Content";
			sourceTree = "<group>";
		};
		A9CA25222DD51B17000D45A6 /* c-api */ = {
			isa = PBXGroup;
			children = (
				A9CA25202DD51B17000D45A6 /* c-api.h */,
				A9CA25212DD51B17000D45A6 /* cxx-api.h */,
			);
			path = "c-api";
			sourceTree = "<group>";
		};
		A9CA25232DD51B17000D45A6 /* sherpa-onnx */ = {
			isa = PBXGroup;
			children = (
				A9CA25222DD51B17000D45A6 /* c-api */,
			);
			path = "sherpa-onnx";
			sourceTree = "<group>";
		};
		A9CA25252DD51B17000D45A6 /* Headers */ = {
			isa = PBXGroup;
			children = (
				A9CA25232DD51B17000D45A6 /* sherpa-onnx */,
				A9CA25242DD51B17000D45A6 /* cargs.h */,
			);
			path = Headers;
			sourceTree = "<group>";
		};
		A9CA25282DD51B17000D45A6 /* OnnxModels */ = {
			isa = PBXGroup;
			children = (
				A9CA25272DD51B17000D45A6 /* pyannote_segmentation.onnx */,
				A9D7C02A2DF4C39F00AF77AE /* nemo_en_titanet_small.onnx */,
			);
			path = OnnxModels;
			sourceTree = "<group>";
		};
		A9CA252C2DD51B17000D45A6 /* Swift */ = {
			isa = PBXGroup;
			children = (
				A9CA25292DD51B17000D45A6 /* Extensions.swift */,
				A9CA252B2DD51B17000D45A6 /* SherpaOnnx.swift */,
			);
			path = Swift;
			sourceTree = "<group>";
		};
		A9CA252E2DD51B17000D45A6 /* SherpaOnnx */ = {
			isa = PBXGroup;
			children = (
				A9CA25252DD51B17000D45A6 /* Headers */,
				A9CA25282DD51B17000D45A6 /* OnnxModels */,
				A9CA252C2DD51B17000D45A6 /* Swift */,
				A9CA252D2DD51B17000D45A6 /* OnnxHeader.h */,
			);
			path = SherpaOnnx;
			sourceTree = "<group>";
		};
		A9CA25342DD51B17000D45A6 /* Transcriber */ = {
			isa = PBXGroup;
			children = (
				A9CA251F2DD51B17000D45A6 /* Preview Content */,
				A9CA252E2DD51B17000D45A6 /* SherpaOnnx */,
				A9CA25322DD51B17000D45A6 /* TranscriberApp.swift */,
				A9CA25302DD51B17000D45A6 /* MainView.swift */,
				A96AF0A92DE8874800BD3848 /* Transcription.swift */,
				A96AF0AB2DE88A1200BD3848 /* TranscriptionView.swift */,
				A9CA25332DD51B17000D45A6 /* TranscriptionViewModel.swift */,
				A9D7C0682DF6DE2000AF77AE /* Services */,
				A9D7C0652DF6D2A900AF77AE /* DiarzationMetrics.swift */,
				A9D7C02C2DF587B900AF77AE /* Resources */,
			);
			path = Transcriber;
			sourceTree = "<group>";
		};
		A9CA25402DD51B45000D45A6 /* Frameworks */ = {
			isa = PBXGroup;
			children = (
				A9CA25452DD51B53000D45A6 /* sherpa-onnx.xcframework */,
				A9CA25412DD51B45000D45A6 /* onnxruntime.xcframework */,
			);
			name = Frameworks;
			sourceTree = "<group>";
		};
		A9D7C02C2DF587B900AF77AE /* Resources */ = {
			isa = PBXGroup;
			children = (
				A9CA252F2DD51B17000D45A6 /* Assets.xcassets */,
				A9D7C0512DF61E6600AF77AE /* en_demo_audio.wav */,
			);
			path = Resources;
			sourceTree = "<group>";
		};
		A9D7C0632DF6D27300AF77AE /* TranscriberTests */ = {
			isa = PBXGroup;
			children = (
				A9D7C0622DF6D27300AF77AE /* TranscriberTests.swift */,
			);
			path = TranscriberTests;
			sourceTree = "<group>";
		};
		A9D7C0682DF6DE2000AF77AE /* Services */ = {
			isa = PBXGroup;
			children = (
				A9D7C0392DF5B4D300AF77AE /* AudioRecordingService.swift */,
				A9D7C06E2DF6F4F500AF77AE /* AudioFileService.swift */,
				A9D7C0702DF6FA9E00AF77AE /* DiarizationService.swift */,
				A9D7C06A2DF6DE4D00AF77AE /* TranscriptionService.swift */,
			);
			path = Services;
			sourceTree = "<group>";
		};
		B6B8FBE72D70D5FA0081EF75 = {
			isa = PBXGroup;
			children = (
				A9CA25342DD51B17000D45A6 /* Transcriber */,
				A9D7C0632DF6D27300AF77AE /* TranscriberTests */,
				A9CA25402DD51B45000D45A6 /* Frameworks */,
				B6B8FBF12D70D5FA0081EF75 /* Products */,
			);
			sourceTree = "<group>";
		};
		B6B8FBF12D70D5FA0081EF75 /* Products */ = {
			isa = PBXGroup;
			children = (
				B6B8FBF02D70D5FA0081EF75 /* Transcriber.app */,
				A9D7C0592DF6D26300AF77AE /* TranscriberTests.xctest */,
			);
			name = Products;
			sourceTree = "<group>";
		};
/* End PBXGroup section */

/* Begin PBXNativeTarget section */
		A9D7C0582DF6D26300AF77AE /* TranscriberTests */ = {
			isa = PBXNativeTarget;
			buildConfigurationList = A9D7C05F2DF6D26300AF77AE /* Build configuration list for PBXNativeTarget "TranscriberTests" */;
			buildPhases = (
				A9D7C0552DF6D26300AF77AE /* Sources */,
				A9D7C0562DF6D26300AF77AE /* Frameworks */,
				A9D7C0572DF6D26300AF77AE /* Resources */,
			);
			buildRules = (
			);
			dependencies = (
				A9D7C05E2DF6D26300AF77AE /* PBXTargetDependency */,
			);
			name = TranscriberTests;
			packageProductDependencies = (
			);
			productName = TranscriberTests;
			productReference = A9D7C0592DF6D26300AF77AE /* TranscriberTests.xctest */;
			productType = "com.apple.product-type.bundle.unit-test";
		};
		B6B8FBEF2D70D5FA0081EF75 /* Transcriber */ = {
			isa = PBXNativeTarget;
			buildConfigurationList = B6B8FBFE2D70D5FB0081EF75 /* Build configuration list for PBXNativeTarget "Transcriber" */;
			buildPhases = (
				B6B8FBEC2D70D5FA0081EF75 /* Sources */,
				B6B8FBED2D70D5FA0081EF75 /* Frameworks */,
				B6B8FBEE2D70D5FA0081EF75 /* Resources */,
				A9CA25442DD51B45000D45A6 /* Embed Frameworks */,
			);
			buildRules = (
			);
			dependencies = (
			);
			name = Transcriber;
			packageProductDependencies = (
				B67F719B2D7220070037D72C /* AudioKit */,
			);
			productName = SpeechDiarizationStarter;
			productReference = B6B8FBF02D70D5FA0081EF75 /* Transcriber.app */;
			productType = "com.apple.product-type.application";
		};
/* End PBXNativeTarget section */

/* Begin PBXProject section */
		B6B8FBE82D70D5FA0081EF75 /* Project object */ = {
			isa = PBXProject;
			attributes = {
				BuildIndependentTargetsInParallel = 1;
				LastSwiftUpdateCheck = 1630;
				LastUpgradeCheck = 1630;
				TargetAttributes = {
					A9D7C0582DF6D26300AF77AE = {
						CreatedOnToolsVersion = 16.3;
						TestTargetID = B6B8FBEF2D70D5FA0081EF75;
					};
					B6B8FBEF2D70D5FA0081EF75 = {
						CreatedOnToolsVersion = 16.0;
					};
				};
			};
			buildConfigurationList = B6B8FBEB2D70D5FA0081EF75 /* Build configuration list for PBXProject "Transcriber" */;
			developmentRegion = en;
			hasScannedForEncodings = 0;
			knownRegions = (
				en,
				Base,
			);
			mainGroup = B6B8FBE72D70D5FA0081EF75;
			minimizedProjectReferenceProxies = 1;
			packageReferences = (
				B67F719A2D7220070037D72C /* XCRemoteSwiftPackageReference "AudioKit" */,
			);
			preferredProjectObjectVersion = 77;
			productRefGroup = B6B8FBF12D70D5FA0081EF75 /* Products */;
			projectDirPath = "";
			projectRoot = "";
			targets = (
				B6B8FBEF2D70D5FA0081EF75 /* Transcriber */,
				A9D7C0582DF6D26300AF77AE /* TranscriberTests */,
			);
		};
/* End PBXProject section */

/* Begin PBXResourcesBuildPhase section */
		A9D7C0572DF6D26300AF77AE /* Resources */ = {
			isa = PBXResourcesBuildPhase;
			buildActionMask = 2147483647;
			files = (
			);
			runOnlyForDeploymentPostprocessing = 0;
		};
		B6B8FBEE2D70D5FA0081EF75 /* Resources */ = {
			isa = PBXResourcesBuildPhase;
			buildActionMask = 2147483647;
			files = (
				A9CA253C2DD51B17000D45A6 /* Assets.xcassets in Resources */,
				A9CA253D2DD51B17000D45A6 /* Preview Assets.xcassets in Resources */,
				A9D7C0522DF61E6600AF77AE /* en_demo_audio.wav in Resources */,
				A9CA253F2DD51B17000D45A6 /* pyannote_segmentation.onnx in Resources */,
				A9D7C02B2DF4C39F00AF77AE /* nemo_en_titanet_small.onnx in Resources */,
			);
			runOnlyForDeploymentPostprocessing = 0;
		};
/* End PBXResourcesBuildPhase section */

/* Begin PBXSourcesBuildPhase section */
		A9D7C0552DF6D26300AF77AE /* Sources */ = {
			isa = PBXSourcesBuildPhase;
			buildActionMask = 2147483647;
			files = (
				A9D7C0642DF6D27300AF77AE /* TranscriberTests.swift in Sources */,
			);
			runOnlyForDeploymentPostprocessing = 0;
		};
		B6B8FBEC2D70D5FA0081EF75 /* Sources */ = {
			isa = PBXSourcesBuildPhase;
			buildActionMask = 2147483647;
			files = (
				A9D7C06F2DF6F50900AF77AE /* AudioFileService.swift in Sources */,
				A9D7C0672DF6D44700AF77AE /* DiarzationMetrics.swift in Sources */,
				A9D7C0712DF6FA9E00AF77AE /* DiarizationService.swift in Sources */,
				A9D7C03A2DF5B4DA00AF77AE /* AudioRecordingService.swift in Sources */,
				A9D7C06B2DF6DE4D00AF77AE /* TranscriptionService.swift in Sources */,
				A96AF0AA2DE8875900BD3848 /* Transcription.swift in Sources */,
				A9CA25352DD51B17000D45A6 /* MainView.swift in Sources */,
				A9CA25372DD51B17000D45A6 /* TranscriptionViewModel.swift in Sources */,
				A9CA25382DD51B17000D45A6 /* Extensions.swift in Sources */,
				A9CA25392DD51B17000D45A6 /* SherpaOnnx.swift in Sources */,
				A96AF0AC2DE88A1200BD3848 /* TranscriptionView.swift in Sources */,
				A9CA253B2DD51B17000D45A6 /* TranscriberApp.swift in Sources */,
			);
			runOnlyForDeploymentPostprocessing = 0;
		};
/* End PBXSourcesBuildPhase section */

/* Begin PBXTargetDependency section */
		A9D7C05E2DF6D26300AF77AE /* PBXTargetDependency */ = {
			isa = PBXTargetDependency;
			target = B6B8FBEF2D70D5FA0081EF75 /* Transcriber */;
			targetProxy = A9D7C05D2DF6D26300AF77AE /* PBXContainerItemProxy */;
		};
/* End PBXTargetDependency section */

/* Begin XCBuildConfiguration section */
		A9D7C0602DF6D26300AF77AE /* Debug */ = {
			isa = XCBuildConfiguration;
			buildSettings = {
				BUNDLE_LOADER = "$(TEST_HOST)";
				CODE_SIGN_STYLE = Automatic;
				CURRENT_PROJECT_VERSION = 1;
				DEVELOPMENT_TEAM = L42JP6V96L;
				GENERATE_INFOPLIST_FILE = YES;
				IPHONEOS_DEPLOYMENT_TARGET = 18.4;
				MACOSX_DEPLOYMENT_TARGET = 15.4;
				MARKETING_VERSION = 1.0;
				PRODUCT_BUNDLE_IDENTIFIER = com.marcowenzel.TranscriberTests;
				PRODUCT_NAME = "$(TARGET_NAME)";
				SDKROOT = auto;
				SUPPORTED_PLATFORMS = "iphoneos iphonesimulator macosx xros xrsimulator";
				SWIFT_EMIT_LOC_STRINGS = NO;
				SWIFT_VERSION = 5.0;
				TARGETED_DEVICE_FAMILY = "1,2,7";
				TEST_HOST = "$(BUILT_PRODUCTS_DIR)/Transcriber.app/$(BUNDLE_EXECUTABLE_FOLDER_PATH)/Transcriber";
				XROS_DEPLOYMENT_TARGET = 2.4;
			};
			name = Debug;
		};
		A9D7C0612DF6D26300AF77AE /* Release */ = {
			isa = XCBuildConfiguration;
			buildSettings = {
				BUNDLE_LOADER = "$(TEST_HOST)";
				CODE_SIGN_STYLE = Automatic;
				CURRENT_PROJECT_VERSION = 1;
				DEVELOPMENT_TEAM = L42JP6V96L;
				GENERATE_INFOPLIST_FILE = YES;
				IPHONEOS_DEPLOYMENT_TARGET = 18.4;
				MACOSX_DEPLOYMENT_TARGET = 15.4;
				MARKETING_VERSION = 1.0;
				PRODUCT_BUNDLE_IDENTIFIER = com.marcowenzel.TranscriberTests;
				PRODUCT_NAME = "$(TARGET_NAME)";
				SDKROOT = auto;
				SUPPORTED_PLATFORMS = "iphoneos iphonesimulator macosx xros xrsimulator";
				SWIFT_EMIT_LOC_STRINGS = NO;
				SWIFT_VERSION = 5.0;
				TARGETED_DEVICE_FAMILY = "1,2,7";
				TEST_HOST = "$(BUILT_PRODUCTS_DIR)/Transcriber.app/$(BUNDLE_EXECUTABLE_FOLDER_PATH)/Transcriber";
				XROS_DEPLOYMENT_TARGET = 2.4;
			};
			name = Release;
		};
		B6B8FBFC2D70D5FB0081EF75 /* Debug */ = {
			isa = XCBuildConfiguration;
			buildSettings = {
				ALWAYS_SEARCH_USER_PATHS = NO;
				ASSETCATALOG_COMPILER_GENERATE_SWIFT_ASSET_SYMBOL_EXTENSIONS = YES;
				CLANG_ANALYZER_NONNULL = YES;
				CLANG_ANALYZER_NUMBER_OBJECT_CONVERSION = YES_AGGRESSIVE;
				CLANG_CXX_LANGUAGE_STANDARD = "gnu++20";
				CLANG_ENABLE_MODULES = YES;
				CLANG_ENABLE_OBJC_ARC = YES;
				CLANG_ENABLE_OBJC_WEAK = YES;
				CLANG_WARN_BLOCK_CAPTURE_AUTORELEASING = YES;
				CLANG_WARN_BOOL_CONVERSION = YES;
				CLANG_WARN_COMMA = YES;
				CLANG_WARN_CONSTANT_CONVERSION = YES;
				CLANG_WARN_DEPRECATED_OBJC_IMPLEMENTATIONS = YES;
				CLANG_WARN_DIRECT_OBJC_ISA_USAGE = YES_ERROR;
				CLANG_WARN_DOCUMENTATION_COMMENTS = YES;
				CLANG_WARN_EMPTY_BODY = YES;
				CLANG_WARN_ENUM_CONVERSION = YES;
				CLANG_WARN_INFINITE_RECURSION = YES;
				CLANG_WARN_INT_CONVERSION = YES;
				CLANG_WARN_NON_LITERAL_NULL_CONVERSION = YES;
				CLANG_WARN_OBJC_IMPLICIT_RETAIN_SELF = YES;
				CLANG_WARN_OBJC_LITERAL_CONVERSION = YES;
				CLANG_WARN_OBJC_ROOT_CLASS = YES_ERROR;
				CLANG_WARN_QUOTED_INCLUDE_IN_FRAMEWORK_HEADER = YES;
				CLANG_WARN_RANGE_LOOP_ANALYSIS = YES;
				CLANG_WARN_STRICT_PROTOTYPES = YES;
				CLANG_WARN_SUSPICIOUS_MOVE = YES;
				CLANG_WARN_UNGUARDED_AVAILABILITY = YES_AGGRESSIVE;
				CLANG_WARN_UNREACHABLE_CODE = YES;
				CLANG_WARN__DUPLICATE_METHOD_MATCH = YES;
				COPY_PHASE_STRIP = NO;
				DEBUG_INFORMATION_FORMAT = dwarf;
				DEVELOPMENT_TEAM = L42JP6V96L;
				ENABLE_STRICT_OBJC_MSGSEND = YES;
				ENABLE_TESTABILITY = YES;
				ENABLE_USER_SCRIPT_SANDBOXING = YES;
				GCC_C_LANGUAGE_STANDARD = gnu17;
				GCC_DYNAMIC_NO_PIC = NO;
				GCC_NO_COMMON_BLOCKS = YES;
				GCC_OPTIMIZATION_LEVEL = 0;
				GCC_PREPROCESSOR_DEFINITIONS = (
					"DEBUG=1",
					"$(inherited)",
				);
				GCC_WARN_64_TO_32_BIT_CONVERSION = YES;
				GCC_WARN_ABOUT_RETURN_TYPE = YES_ERROR;
				GCC_WARN_UNDECLARED_SELECTOR = YES;
				GCC_WARN_UNINITIALIZED_AUTOS = YES_AGGRESSIVE;
				GCC_WARN_UNUSED_FUNCTION = YES;
				GCC_WARN_UNUSED_VARIABLE = YES;
				IPHONEOS_DEPLOYMENT_TARGET = 18.0;
				LOCALIZATION_PREFERS_STRING_CATALOGS = YES;
				MTL_ENABLE_DEBUG_INFO = INCLUDE_SOURCE;
				MTL_FAST_MATH = YES;
				ONLY_ACTIVE_ARCH = YES;
				SDKROOT = iphoneos;
				SWIFT_ACTIVE_COMPILATION_CONDITIONS = "DEBUG $(inherited)";
				SWIFT_OPTIMIZATION_LEVEL = "-Onone";
			};
			name = Debug;
		};
		B6B8FBFD2D70D5FB0081EF75 /* Release */ = {
			isa = XCBuildConfiguration;
			buildSettings = {
				ALWAYS_SEARCH_USER_PATHS = NO;
				ASSETCATALOG_COMPILER_GENERATE_SWIFT_ASSET_SYMBOL_EXTENSIONS = YES;
				CLANG_ANALYZER_NONNULL = YES;
				CLANG_ANALYZER_NUMBER_OBJECT_CONVERSION = YES_AGGRESSIVE;
				CLANG_CXX_LANGUAGE_STANDARD = "gnu++20";
				CLANG_ENABLE_MODULES = YES;
				CLANG_ENABLE_OBJC_ARC = YES;
				CLANG_ENABLE_OBJC_WEAK = YES;
				CLANG_WARN_BLOCK_CAPTURE_AUTORELEASING = YES;
				CLANG_WARN_BOOL_CONVERSION = YES;
				CLANG_WARN_COMMA = YES;
				CLANG_WARN_CONSTANT_CONVERSION = YES;
				CLANG_WARN_DEPRECATED_OBJC_IMPLEMENTATIONS = YES;
				CLANG_WARN_DIRECT_OBJC_ISA_USAGE = YES_ERROR;
				CLANG_WARN_DOCUMENTATION_COMMENTS = YES;
				CLANG_WARN_EMPTY_BODY = YES;
				CLANG_WARN_ENUM_CONVERSION = YES;
				CLANG_WARN_INFINITE_RECURSION = YES;
				CLANG_WARN_INT_CONVERSION = YES;
				CLANG_WARN_NON_LITERAL_NULL_CONVERSION = YES;
				CLANG_WARN_OBJC_IMPLICIT_RETAIN_SELF = YES;
				CLANG_WARN_OBJC_LITERAL_CONVERSION = YES;
				CLANG_WARN_OBJC_ROOT_CLASS = YES_ERROR;
				CLANG_WARN_QUOTED_INCLUDE_IN_FRAMEWORK_HEADER = YES;
				CLANG_WARN_RANGE_LOOP_ANALYSIS = YES;
				CLANG_WARN_STRICT_PROTOTYPES = YES;
				CLANG_WARN_SUSPICIOUS_MOVE = YES;
				CLANG_WARN_UNGUARDED_AVAILABILITY = YES_AGGRESSIVE;
				CLANG_WARN_UNREACHABLE_CODE = YES;
				CLANG_WARN__DUPLICATE_METHOD_MATCH = YES;
				COPY_PHASE_STRIP = NO;
				DEBUG_INFORMATION_FORMAT = "dwarf-with-dsym";
				DEVELOPMENT_TEAM = L42JP6V96L;
				ENABLE_NS_ASSERTIONS = NO;
				ENABLE_STRICT_OBJC_MSGSEND = YES;
				ENABLE_USER_SCRIPT_SANDBOXING = YES;
				GCC_C_LANGUAGE_STANDARD = gnu17;
				GCC_NO_COMMON_BLOCKS = YES;
				GCC_WARN_64_TO_32_BIT_CONVERSION = YES;
				GCC_WARN_ABOUT_RETURN_TYPE = YES_ERROR;
				GCC_WARN_UNDECLARED_SELECTOR = YES;
				GCC_WARN_UNINITIALIZED_AUTOS = YES_AGGRESSIVE;
				GCC_WARN_UNUSED_FUNCTION = YES;
				GCC_WARN_UNUSED_VARIABLE = YES;
				IPHONEOS_DEPLOYMENT_TARGET = 18.0;
				LOCALIZATION_PREFERS_STRING_CATALOGS = YES;
				MTL_ENABLE_DEBUG_INFO = NO;
				MTL_FAST_MATH = YES;
				SDKROOT = iphoneos;
				SWIFT_COMPILATION_MODE = wholemodule;
				VALIDATE_PRODUCT = YES;
			};
			name = Release;
		};
		B6B8FBFF2D70D5FB0081EF75 /* Debug */ = {
			isa = XCBuildConfiguration;
			buildSettings = {
				ARCHS = "$(ARCHS_STANDARD)";
				ASSETCATALOG_COMPILER_APPICON_NAME = AppIcon;
				ASSETCATALOG_COMPILER_GLOBAL_ACCENT_COLOR_NAME = AccentColor;
				CODE_SIGN_STYLE = Automatic;
				CURRENT_PROJECT_VERSION = 1;
				DEVELOPMENT_ASSET_PATHS = "\"Transcriber/Preview Content\"";
				ENABLE_PREVIEWS = YES;
				EXCLUDED_ARCHS = "";
				GENERATE_INFOPLIST_FILE = YES;
				HEADER_SEARCH_PATHS = "${PROJECT_DIR}/SherpaOnnx/Headers";
				INFOPLIST_KEY_NSMicrophoneUsageDescription = "To record audio for transcribing.";
				INFOPLIST_KEY_NSSpeechRecognitionUsageDescription = "To transcribe audio to text.";
				INFOPLIST_KEY_UIApplicationSceneManifest_Generation = YES;
				INFOPLIST_KEY_UIApplicationSupportsIndirectInputEvents = YES;
				INFOPLIST_KEY_UILaunchScreen_Generation = YES;
				INFOPLIST_KEY_UISupportedInterfaceOrientations_iPad = "UIInterfaceOrientationPortrait UIInterfaceOrientationPortraitUpsideDown UIInterfaceOrientationLandscapeLeft UIInterfaceOrientationLandscapeRight";
				INFOPLIST_KEY_UISupportedInterfaceOrientations_iPhone = "UIInterfaceOrientationPortrait UIInterfaceOrientationLandscapeLeft UIInterfaceOrientationLandscapeRight";
				IPHONEOS_DEPLOYMENT_TARGET = 17.4;
				LD_RUNPATH_SEARCH_PATHS = (
					"$(inherited)",
					"@executable_path/Frameworks",
				);
				MARKETING_VERSION = 1.0;
				ONLY_ACTIVE_ARCH = NO;
				OTHER_LDFLAGS = "-lc++";
				PRODUCT_BUNDLE_IDENTIFIER = com.marcowenzel.meetingtranscriber;
				PRODUCT_NAME = "$(TARGET_NAME)";
				SWIFT_EMIT_LOC_STRINGS = YES;
				SWIFT_OBJC_BRIDGING_HEADER = "${PROJECT_DIR}/Transcriber/SherpaOnnx/OnnxHeader.h";
				SWIFT_VERSION = 5.0;
				TARGETED_DEVICE_FAMILY = "1,2";
			};
			name = Debug;
		};
		B6B8FC002D70D5FB0081EF75 /* Release */ = {
			isa = XCBuildConfiguration;
			buildSettings = {
				ARCHS = "$(ARCHS_STANDARD)";
				ASSETCATALOG_COMPILER_APPICON_NAME = AppIcon;
				ASSETCATALOG_COMPILER_GLOBAL_ACCENT_COLOR_NAME = AccentColor;
				CODE_SIGN_STYLE = Automatic;
				CURRENT_PROJECT_VERSION = 1;
				DEVELOPMENT_ASSET_PATHS = "\"Transcriber/Preview Content\"";
				ENABLE_PREVIEWS = YES;
				EXCLUDED_ARCHS = "";
				GENERATE_INFOPLIST_FILE = YES;
				HEADER_SEARCH_PATHS = "${PROJECT_DIR}/SherpaOnnx/Headers";
				INFOPLIST_KEY_NSMicrophoneUsageDescription = "To record audio for transcribing.";
				INFOPLIST_KEY_NSSpeechRecognitionUsageDescription = "To transcribe audio to text.";
				INFOPLIST_KEY_UIApplicationSceneManifest_Generation = YES;
				INFOPLIST_KEY_UIApplicationSupportsIndirectInputEvents = YES;
				INFOPLIST_KEY_UILaunchScreen_Generation = YES;
				INFOPLIST_KEY_UISupportedInterfaceOrientations_iPad = "UIInterfaceOrientationPortrait UIInterfaceOrientationPortraitUpsideDown UIInterfaceOrientationLandscapeLeft UIInterfaceOrientationLandscapeRight";
				INFOPLIST_KEY_UISupportedInterfaceOrientations_iPhone = "UIInterfaceOrientationPortrait UIInterfaceOrientationLandscapeLeft UIInterfaceOrientationLandscapeRight";
				IPHONEOS_DEPLOYMENT_TARGET = 17.4;
				LD_RUNPATH_SEARCH_PATHS = (
					"$(inherited)",
					"@executable_path/Frameworks",
				);
				MARKETING_VERSION = 1.0;
				ONLY_ACTIVE_ARCH = NO;
				OTHER_LDFLAGS = "-lc++";
				PRODUCT_BUNDLE_IDENTIFIER = com.marcowenzel.meetingtranscriber;
				PRODUCT_NAME = "$(TARGET_NAME)";
				SWIFT_EMIT_LOC_STRINGS = YES;
				SWIFT_OBJC_BRIDGING_HEADER = "${PROJECT_DIR}/Transcriber/SherpaOnnx/OnnxHeader.h";
				SWIFT_VERSION = 5.0;
				TARGETED_DEVICE_FAMILY = "1,2";
			};
			name = Release;
		};
/* End XCBuildConfiguration section */

/* Begin XCConfigurationList section */
		A9D7C05F2DF6D26300AF77AE /* Build configuration list for PBXNativeTarget "TranscriberTests" */ = {
			isa = XCConfigurationList;
			buildConfigurations = (
				A9D7C0602DF6D26300AF77AE /* Debug */,
				A9D7C0612DF6D26300AF77AE /* Release */,
			);
			defaultConfigurationIsVisible = 0;
			defaultConfigurationName = Release;
		};
		B6B8FBEB2D70D5FA0081EF75 /* Build configuration list for PBXProject "Transcriber" */ = {
			isa = XCConfigurationList;
			buildConfigurations = (
				B6B8FBFC2D70D5FB0081EF75 /* Debug */,
				B6B8FBFD2D70D5FB0081EF75 /* Release */,
			);
			defaultConfigurationIsVisible = 0;
			defaultConfigurationName = Release;
		};
		B6B8FBFE2D70D5FB0081EF75 /* Build configuration list for PBXNativeTarget "Transcriber" */ = {
			isa = XCConfigurationList;
			buildConfigurations = (
				B6B8FBFF2D70D5FB0081EF75 /* Debug */,
				B6B8FC002D70D5FB0081EF75 /* Release */,
			);
			defaultConfigurationIsVisible = 0;
			defaultConfigurationName = Release;
		};
/* End XCConfigurationList section */

/* Begin XCRemoteSwiftPackageReference section */
		B67F719A2D7220070037D72C /* XCRemoteSwiftPackageReference "AudioKit" */ = {
			isa = XCRemoteSwiftPackageReference;
			repositoryURL = "https://github.com/AudioKit/AudioKit";
			requirement = {
				kind = upToNextMajorVersion;
				minimumVersion = 5.6.4;
			};
		};
/* End XCRemoteSwiftPackageReference section */

/* Begin XCSwiftPackageProductDependency section */
		B67F719B2D7220070037D72C /* AudioKit */ = {
			isa = XCSwiftPackageProductDependency;
			package = B67F719A2D7220070037D72C /* XCRemoteSwiftPackageReference "AudioKit" */;
			productName = AudioKit;
		};
/* End XCSwiftPackageProductDependency section */
	};
	rootObject = B6B8FBE82D70D5FA0081EF75 /* Project object */;
}
